
Microsoft Visual Studio Solution File, Format Version 12.00
# Visual Studio 15
VisualStudioVersion = 15.0.28307.421
MinimumVisualStudioVersion = 10.0.40219.1
Project("{FAE04EC0-301F-11D3-BF4B-00C04F79EFBC}") = "NestedSlideoutMenu.Android", "NestedSlideoutMenu\NestedSlideoutMenu.Android\NestedSlideoutMenu.Android.csproj", "{36CEC28F-ECCB-4C5C-9DD3-4ACECB94C125}"
EndProject
Project("{FAE04EC0-301F-11D3-BF4B-00C04F79EFBC}") = "NestedSlideoutMenu.iOS", "NestedSlideoutMenu\NestedSlideoutMenu.iOS\NestedSlideoutMenu.iOS.csproj", "{060D44EB-E76D-4F9B-ACBE-F7E32DC0B188}"
EndProject
Project("{9A19103F-16F7-4668-BE54-9A1E7A4F7556}") = "NestedSlideoutMenu", "NestedSlideoutMenu\NestedSlideoutMenu\NestedSlideoutMenu.csproj", "{D83DD1E5-3C51-4E0E-9E60-532A0CA03856}"
EndProject
Global
	GlobalSection(SolutionConfigurationPlatforms) = preSolution
		Ad-Hoc|Any CPU = Ad-Hoc|Any CPU
		Ad-Hoc|iPhone = Ad-Hoc|iPhone
		Ad-Hoc|iPhoneSimulator = Ad-Hoc|iPhoneSimulator
		AppStore|Any CPU = AppStore|Any CPU
		AppStore|iPhone = AppStore|iPhone
		AppStore|iPhoneSimulator = AppStore|iPhoneSimulator
		Debug|Any CPU = Debug|Any CPU
		Debug|iPhone = Debug|iPhone
		Debug|iPhoneSimulator = Debug|iPhoneSimulator
		Release|Any CPU = Release|Any CPU
		Release|iPhone = Release|iPhone
		Release|iPhoneSimulator = Release|iPhoneSimulator
	EndGlobalSection
	GlobalSection(ProjectConfigurationPlatforms) = postSolution
		{36CEC28F-ECCB-4C5C-9DD3-4ACECB94C125}.Ad-Hoc|Any CPU.ActiveCfg = Release|Any CPU
		{36CEC28F-ECCB-4C5C-9DD3-4ACECB94C125}.Ad-Hoc|Any CPU.Build.0 = Release|Any CPU
		{36CEC28F-ECCB-4C5C-9DD3-4ACECB94C125}.Ad-Hoc|Any CPU.Deploy.0 = Release|Any CPU
		{36CEC28F-ECCB-4C5C-9DD3-4ACECB94C125}.Ad-Hoc|iPhone.ActiveCfg = Release|Any CPU
		{36CEC28F-ECCB-4C5C-9DD3-4ACECB94C125}.Ad-Hoc|iPhone.Build.0 = Release|Any CPU
		{36CEC28F-ECCB-4C5C-9DD3-4ACECB94C125}.Ad-Hoc|iPhone.Deploy.0 = Release|Any CPU
		{36CEC28F-ECCB-4C5C-9DD3-4ACECB94C125}.Ad-Hoc|iPhoneSimulator.ActiveCfg = Release|Any CPU
		{36CEC28F-ECCB-4C5C-9DD3-4ACECB94C125}.Ad-Hoc|iPhoneSimulator.Build.0 = Release|Any CPU
		{36CEC28F-ECCB-4C5C-9DD3-4ACECB94C125}.Ad-Hoc|iPhoneSimulator.Deploy.0 = Release|Any CPU
		{36CEC28F-ECCB-4C5C-9DD3-4ACECB94C125}.AppStore|Any CPU.ActiveCfg = Release|Any CPU
		{36CEC28F-ECCB-4C5C-9DD3-4ACECB94C125}.AppStore|Any CPU.Build.0 = Release|Any CPU
		{36CEC28F-ECCB-4C5C-9DD3-4ACECB94C125}.AppStore|Any CPU.Deploy.0 = Release|Any CPU
		{36CEC28F-ECCB-4C5C-9DD3-4ACECB94C125}.AppStore|iPhone.ActiveCfg = Release|Any CPU
		{36CEC28F-ECCB-4C5C-9DD3-4ACECB94C125}.AppStore|iPhone.Build.0 = Release|Any CPU
		{36CEC28F-ECCB-4C5C-9DD3-4ACECB94C125}.AppStore|iPhone.Deploy.0 = Release|Any CPU
		{36CEC28F-ECCB-4C5C-9DD3-4ACECB94C125}.AppStore|iPhoneSimulator.ActiveCfg = Release|Any CPU
		{36CEC28F-ECCB-4C5C-9DD3-4ACECB94C125}.AppStore|iPhoneSimulator.Build.0 = Release|Any CPU
		{36CEC28F-ECCB-4C5C-9DD3-4ACECB94C125}.AppStore|iPhoneSimulator.Deploy.0 = Release|Any CPU
		{36CEC28F-ECCB-4C5C-9DD3-4ACECB94C125}.Debug|Any CPU.ActiveCfg = Debug|Any CPU
		{36CEC28F-ECCB-4C5C-9DD3-4ACECB94C125}.Debug|Any CPU.Build.0 = Debug|Any CPU
		{36CEC28F-ECCB-4C5C-9DD3-4ACECB94C125}.Debug|Any CPU.Deploy.0 = Debug|Any CPU
		{36CEC28F-ECCB-4C5C-9DD3-4ACECB94C125}.Debug|iPhone.ActiveCfg = Debug|Any CPU
		{36CEC28F-ECCB-4C5C-9DD3-4ACECB94C125}.Debug|iPhone.Build.0 = Debug|Any CPU
		{36CEC28F-ECCB-4C5C-9DD3-4ACECB94C125}.Debug|iPhone.Deploy.0 = Debug|Any CPU
		{36CEC28F-ECCB-4C5C-9DD3-4ACECB94C125}.Debug|iPhoneSimulator.ActiveCfg = Debug|Any CPU
		{36CEC28F-ECCB-4C5C-9DD3-4ACECB94C125}.Debug|iPhoneSimulator.Build.0 = Debug|Any CPU
		{36CEC28F-ECCB-4C5C-9DD3-4ACECB94C125}.Debug|iPhoneSimulator.Deploy.0 = Debug|Any CPU
		{36CEC28F-ECCB-4C5C-9DD3-4ACECB94C125}.Release|Any CPU.ActiveCfg = Release|Any CPU
		{36CEC28F-ECCB-4C5C-9DD3-4ACECB94C125}.Release|Any CPU.Build.0 = Release|Any CPU
		{36CEC28F-ECCB-4C5C-9DD3-4ACECB94C125}.Release|Any CPU.Deploy.0 = Release|Any CPU
		{36CEC28F-ECCB-4C5C-9DD3-4ACECB94C125}.Release|iPhone.ActiveCfg = Release|Any CPU
		{36CEC28F-ECCB-4C5C-9DD3-4ACECB94C125}.Release|iPhone.Build.0 = Release|Any CPU
		{36CEC28F-ECCB-4C5C-9DD3-4ACECB94C125}.Release|iPhone.Deploy.0 = Release|Any CPU
		{36CEC28F-ECCB-4C5C-9DD3-4ACECB94C125}.Release|iPhoneSimulator.ActiveCfg = Release|Any CPU
		{36CEC28F-ECCB-4C5C-9DD3-4ACECB94C125}.Release|iPhoneSimulator.Build.0 = Release|Any CPU
		{36CEC28F-ECCB-4C5C-9DD3-4ACECB94C125}.Release|iPhoneSimulator.Deploy.0 = Release|Any CPU
		{060D44EB-E76D-4F9B-ACBE-F7E32DC0B188}.Ad-Hoc|Any CPU.ActiveCfg = Ad-Hoc|iPhone
		{060D44EB-E76D-4F9B-ACBE-F7E32DC0B188}.Ad-Hoc|Any CPU.Build.0 = Ad-Hoc|iPhone
		{060D44EB-E76D-4F9B-ACBE-F7E32DC0B188}.Ad-Hoc|Any CPU.Deploy.0 = Ad-Hoc|iPhone
		{060D44EB-E76D-4F9B-ACBE-F7E32DC0B188}.Ad-Hoc|iPhone.ActiveCfg = Ad-Hoc|iPhone
		{060D44EB-E76D-4F9B-ACBE-F7E32DC0B188}.Ad-Hoc|iPhone.Build.0 = Ad-Hoc|iPhone
		{060D44EB-E76D-4F9B-ACBE-F7E32DC0B188}.Ad-Hoc|iPhone.Deploy.0 = Ad-Hoc|iPhone
		{060D44EB-E76D-4F9B-ACBE-F7E32DC0B188}.Ad-Hoc|iPhoneSimulator.ActiveCfg = Ad-Hoc|iPhoneSimulator
		{060D44EB-E76D-4F9B-ACBE-F7E32DC0B188}.Ad-Hoc|iPhoneSimulator.Build.0 = Ad-Hoc|iPhoneSimulator
		{060D44EB-E76D-4F9B-ACBE-F7E32DC0B188}.Ad-Hoc|iPhoneSimulator.Deploy.0 = Ad-Hoc|iPhoneSimulator
		{060D44EB-E76D-4F9B-ACBE-F7E32DC0B188}.AppStore|Any CPU.ActiveCfg = AppStore|iPhone
		{060D44EB-E76D-4F9B-ACBE-F7E32DC0B188}.AppStore|Any CPU.Build.0 = AppStore|iPhone
		{060D44EB-E76D-4F9B-ACBE-F7E32DC0B188}.AppStore|Any CPU.Deploy.0 = AppStore|iPhone
		{060D44EB-E76D-4F9B-ACBE-F7E32DC0B188}.AppStore|iPhone.ActiveCfg = AppStore|iPhone
		{060D44EB-E76D-4F9B-ACBE-F7E32DC0B188}.AppStore|iPhone.Build.0 = AppStore|iPhone
		{060D44EB-E76D-4F9B-ACBE-F7E32DC0B188}.AppStore|iPhone.Deploy.0 = AppStore|iPhone
		{060D44EB-E76D-4F9B-ACBE-F7E32DC0B188}.AppStore|iPhoneSimulator.ActiveCfg = AppStore|iPhoneSimulator
		{060D44EB-E76D-4F9B-ACBE-F7E32DC0B188}.AppStore|iPhoneSimulator.Build.0 = AppStore|iPhoneSimulator
		{060D44EB-E76D-4F9B-ACBE-F7E32DC0B188}.AppStore|iPhoneSimulator.Deploy.0 = AppStore|iPhoneSimulator
		{060D44EB-E76D-4F9B-ACBE-F7E32DC0B188}.Debug|Any CPU.ActiveCfg = Debug|iPhoneSimulator
		{060D44EB-E76D-4F9B-ACBE-F7E32DC0B188}.Debug|Any CPU.Build.0 = Debug|iPhoneSimulator
		{060D44EB-E76D-4F9B-ACBE-F7E32DC0B188}.Debug|Any CPU.Deploy.0 = Debug|iPhoneSimulator
		{060D44EB-E76D-4F9B-ACBE-F7E32DC0B188}.Debug|iPhone.ActiveCfg = Debug|iPhone
		{060D44EB-E76D-4F9B-ACBE-F7E32DC0B188}.Debug|iPhone.Build.0 = Debug|iPhone
		{060D44EB-E76D-4F9B-ACBE-F7E32DC0B188}.Debug|iPhone.Deploy.0 = Debug|iPhone
		{060D44EB-E76D-4F9B-ACBE-F7E32DC0B188}.Debug|iPhoneSimulator.ActiveCfg = Debug|iPhoneSimulator
		{060D44EB-E76D-4F9B-ACBE-F7E32DC0B188}.Debug|iPhoneSimulator.Build.0 = Debug|iPhoneSimulator
		{060D44EB-E76D-4F9B-ACBE-F7E32DC0B188}.Debug|iPhoneSimulator.Deploy.0 = Debug|iPhoneSimulator
		{060D44EB-E76D-4F9B-ACBE-F7E32DC0B188}.Release|Any CPU.ActiveCfg = Release|iPhone
		{060D44EB-E76D-4F9B-ACBE-F7E32DC0B188}.Release|Any CPU.Build.0 = Release|iPhone
		{060D44EB-E76D-4F9B-ACBE-F7E32DC0B188}.Release|Any CPU.Deploy.0 = Release|iPhone
		{060D44EB-E76D-4F9B-ACBE-F7E32DC0B188}.Release|iPhone.ActiveCfg = Release|iPhone
		{060D44EB-E76D-4F9B-ACBE-F7E32DC0B188}.Release|iPhone.Build.0 = Release|iPhone
		{060D44EB-E76D-4F9B-ACBE-F7E32DC0B188}.Release|iPhone.Deploy.0 = Release|iPhone
		{060D44EB-E76D-4F9B-ACBE-F7E32DC0B188}.Release|iPhoneSimulator.ActiveCfg = Release|iPhoneSimulator
		{060D44EB-E76D-4F9B-ACBE-F7E32DC0B188}.Release|iPhoneSimulator.Build.0 = Release|iPhoneSimulator
		{060D44EB-E76D-4F9B-ACBE-F7E32DC0B188}.Release|iPhoneSimulator.Deploy.0 = Release|iPhoneSimulator
		{D83DD1E5-3C51-4E0E-9E60-532A0CA03856}.Ad-Hoc|Any CPU.ActiveCfg = Debug|Any CPU
		{D83DD1E5-3C51-4E0E-9E60-532A0CA03856}.Ad-Hoc|Any CPU.Build.0 = Debug|Any CPU
		{D83DD1E5-3C51-4E0E-9E60-532A0CA03856}.Ad-Hoc|Any CPU.Deploy.0 = Debug|Any CPU
		{D83DD1E5-3C51-4E0E-9E60-532A0CA03856}.Ad-Hoc|iPhone.ActiveCfg = Debug|Any CPU
		{D83DD1E5-3C51-4E0E-9E60-532A0CA03856}.Ad-Hoc|iPhone.Build.0 = Debug|Any CPU
		{D83DD1E5-3C51-4E0E-9E60-532A0CA03856}.Ad-Hoc|iPhone.Deploy.0 = Debug|Any CPU
		{D83DD1E5-3C51-4E0E-9E60-532A0CA03856}.Ad-Hoc|iPhoneSimulator.ActiveCfg = Debug|Any CPU
		{D83DD1E5-3C51-4E0E-9E60-532A0CA03856}.Ad-Hoc|iPhoneSimulator.Build.0 = Debug|Any CPU
		{D83DD1E5-3C51-4E0E-9E60-532A0CA03856}.Ad-Hoc|iPhoneSimulator.Deploy.0 = Debug|Any CPU
		{D83DD1E5-3C51-4E0E-9E60-532A0CA03856}.AppStore|Any CPU.ActiveCfg = Debug|Any CPU
		{D83DD1E5-3C51-4E0E-9E60-532A0CA03856}.AppStore|Any CPU.Build.0 = Debug|Any CPU
		{D83DD1E5-3C51-4E0E-9E60-532A0CA03856}.AppStore|Any CPU.Deploy.0 = Debug|Any CPU
		{D83DD1E5-3C51-4E0E-9E60-532A0CA03856}.AppStore|iPhone.ActiveCfg = Debug|Any CPU
		{D83DD1E5-3C51-4E0E-9E60-532A0CA03856}.AppStore|iPhone.Build.0 = Debug|Any CPU
		{D83DD1E5-3C51-4E0E-9E60-532A0CA03856}.AppStore|iPhone.Deploy.0 = Debug|Any CPU
		{D83DD1E5-3C51-4E0E-9E60-532A0CA03856}.AppStore|iPhoneSimulator.ActiveCfg = Debug|Any CPU
		{D83DD1E5-3C51-4E0E-9E60-532A0CA03856}.AppStore|iPhoneSimulator.Build.0 = Debug|Any CPU
		{D83DD1E5-3C51-4E0E-9E60-532A0CA03856}.AppStore|iPhoneSimulator.Deploy.0 = Debug|Any CPU
		{D83DD1E5-3C51-4E0E-9E60-532A0CA03856}.Debug|Any CPU.ActiveCfg = Debug|Any CPU
		{D83DD1E5-3C51-4E0E-9E60-532A0CA03856}.Debug|Any CPU.Build.0 = Debug|Any CPU
		{D83DD1E5-3C51-4E0E-9E60-532A0CA03856}.Debug|Any CPU.Deploy.0 = Debug|Any CPU
		{D83DD1E5-3C51-4E0E-9E60-532A0CA03856}.Debug|iPhone.ActiveCfg = Debug|Any CPU
		{D83DD1E5-3C51-4E0E-9E60-532A0CA03856}.Debug|iPhone.Build.0 = Debug|Any CPU
		{D83DD1E5-3C51-4E0E-9E60-532A0CA03856}.Debug|iPhone.Deploy.0 = Debug|Any CPU
		{D83DD1E5-3C51-4E0E-9E60-532A0CA03856}.Debug|iPhoneSimulator.ActiveCfg = Debug|Any CPU
		{D83DD1E5-3C51-4E0E-9E60-532A0CA03856}.Debug|iPhoneSimulator.Build.0 = Debug|Any CPU
		{D83DD1E5-3C51-4E0E-9E60-532A0CA03856}.Debug|iPhoneSimulator.Deploy.0 = Debug|Any CPU
		{D83DD1E5-3C51-4E0E-9E60-532A0CA03856}.Release|Any CPU.ActiveCfg = Release|Any CPU
		{D83DD1E5-3C51-4E0E-9E60-532A0CA03856}.Release|Any CPU.Build.0 = Release|Any CPU
		{D83DD1E5-3C51-4E0E-9E60-532A0CA03856}.Release|Any CPU.Deploy.0 = Release|Any CPU
		{D83DD1E5-3C51-4E0E-9E60-532A0CA03856}.Release|iPhone.ActiveCfg = Release|Any CPU
		{D83DD1E5-3C51-4E0E-9E60-532A0CA03856}.Release|iPhone.Build.0 = Release|Any CPU
		{D83DD1E5-3C51-4E0E-9E60-532A0CA03856}.Release|iPhone.Deploy.0 = Release|Any CPU
		{D83DD1E5-3C51-4E0E-9E60-532A0CA03856}.Release|iPhoneSimulator.ActiveCfg = Release|Any CPU
		{D83DD1E5-3C51-4E0E-9E60-532A0CA03856}.Release|iPhoneSimulator.Build.0 = Release|Any CPU
		{D83DD1E5-3C51-4E0E-9E60-532A0CA03856}.Release|iPhoneSimulator.Deploy.0 = Release|Any CPU
	EndGlobalSection
	GlobalSection(SolutionProperties) = preSolution
		HideSolutionNode = FALSE
	EndGlobalSection
	GlobalSection(ExtensibilityGlobals) = postSolution
		SolutionGuid = {88C1E804-FE2D-4758-979D-0DCE0EDD9BAF}
	EndGlobalSection
EndGlobal
